
Microsoft Visual Studio Solution File, Format Version 11.00
# Visual C++ Express 2010
Project("{8BC9CEB8-8B4A-11D0-8D11-00A0C91BC942}") = "snake", "snake\snake.vcxproj", "{A5420790-F198-4FF2-9CE7-F4B8D6D888DF}"
EndProject
Global
	GlobalSection(SolutionConfigurationPlatforms) = preSolution
		Debug|Win32 = Debug|Win32
		Release|Win32 = Release|Win32
	EndGlobalSection
	GlobalSection(ProjectConfigurationPlatforms) = postSolution
		{A5420790-F198-4FF2-9CE7-F4B8D6D888DF}.Debug|Win32.ActiveCfg = Debug|Win32
		{A5420790-F198-4FF2-9CE7-F4B8D6D888DF}.Debug|Win32.Build.0 = Debug|Win32
		{A5420790-F198-4FF2-9CE7-F4B8D6D888DF}.Release|Win32.ActiveCfg = Release|Win32
		{A5420790-F198-4FF2-9CE7-F4B8D6D888DF}.Release|Win32.Build.0 = Release|Win32
	EndGlobalSection
	GlobalSection(SolutionProperties) = preSolution
		HideSolutionNode = FALSE
	EndGlobalSection
EndGlobal
